
Microsoft Visual Studio Solution File, Format Version 12.00
# Visual Studio 2013
VisualStudioVersion = 12.0.30723.0
MinimumVisualStudioVersion = 10.0.40219.1
Project("{8BC9CEB8-8B4A-11D0-8D11-00A0C91BC942}") = "pthreads_lib", "pthreads_lib\pthreads_lib.vcxproj", "{666D916A-45A5-4069-B59E-2AA7C8ABF921}"
EndProject
Project("{8BC9CEB8-8B4A-11D0-8D11-00A0C91BC942}") = "pthreads_dll", "pthreads_dll\pthreads_dll.vcxproj", "{E0EBB8A5-B577-414C-A5F9-9B4E2A0A66E9}"
EndProject
Global
	GlobalSection(SolutionConfigurationPlatforms) = preSolution
		Debug|Win32 = Debug|Win32
		Debug|x64 = Debug|x64
		Release|Win32 = Release|Win32
		Release|x64 = Release|x64
	EndGlobalSection
	GlobalSection(ProjectConfigurationPlatforms) = postSolution
		{666D916A-45A5-4069-B59E-2AA7C8ABF921}.Debug|Win32.ActiveCfg = Debug|Win32
		{666D916A-45A5-4069-B59E-2AA7C8ABF921}.Debug|Win32.Build.0 = Debug|Win32
		{666D916A-45A5-4069-B59E-2AA7C8ABF921}.Debug|x64.ActiveCfg = Debug|x64
		{666D916A-45A5-4069-B59E-2AA7C8ABF921}.Debug|x64.Build.0 = Debug|x64
		{666D916A-45A5-4069-B59E-2AA7C8ABF921}.Release|Win32.ActiveCfg = Release|Win32
		{666D916A-45A5-4069-B59E-2AA7C8ABF921}.Release|Win32.Build.0 = Release|Win32
		{666D916A-45A5-4069-B59E-2AA7C8ABF921}.Release|x64.ActiveCfg = Release|x64
		{666D916A-45A5-4069-B59E-2AA7C8ABF921}.Release|x64.Build.0 = Release|x64
		{E0EBB8A5-B577-414C-A5F9-9B4E2A0A66E9}.Debug|Win32.ActiveCfg = Debug|Win32
		{E0EBB8A5-B577-414C-A5F9-9B4E2A0A66E9}.Debug|Win32.Build.0 = Debug|Win32
		{E0EBB8A5-B577-414C-A5F9-9B4E2A0A66E9}.Debug|x64.ActiveCfg = Debug|x64
		{E0EBB8A5-B577-414C-A5F9-9B4E2A0A66E9}.Debug|x64.Build.0 = Debug|x64
		{E0EBB8A5-B577-414C-A5F9-9B4E2A0A66E9}.Release|Win32.ActiveCfg = Release|Win32
		{E0EBB8A5-B577-414C-A5F9-9B4E2A0A66E9}.Release|Win32.Build.0 = Release|Win32
		{E0EBB8A5-B577-414C-A5F9-9B4E2A0A66E9}.Release|x64.ActiveCfg = Release|x64
		{E0EBB8A5-B577-414C-A5F9-9B4E2A0A66E9}.Release|x64.Build.0 = Release|x64
	EndGlobalSection
	GlobalSection(SolutionProperties) = preSolution
		HideSolutionNode = FALSE
	EndGlobalSection
EndGlobal
