<?xml version="1.0" encoding="utf-8"?>
<Project ToolsVersion="4.0" xmlns="http://schemas.microsoft.com/developer/msbuild/2003">
  <ItemGroup>
    <Filter Include="Resource Files">
      <UniqueIdentifier>{711017af-6c4e-4af8-aa03-3da7b2f268fd}</UniqueIdentifier>
      <Extensions>ico;cur;bmp;dlg;rc2;rct;bin;rgs;gif;jpg;jpeg;jpe</Extensions>
    </Filter>
    <Filter Include="Documentation">
      <UniqueIdentifier>{619d89c3-f864-47e5-9d29-b24a38a36d2e}</UniqueIdentifier>
    </Filter>
  </ItemGroup>
  <ItemGroup>
    <ClCompile Include="..\..\autostatic.c" />
    <ClCompile Include="..\..\cleanup.c" />
    <ClCompile Include="..\..\create.c" />
    <ClCompile Include="..\..\dll.c" />
    <ClCompile Include="..\..\errno.c" />
    <ClCompile Include="..\..\global.c" />
    <ClCompile Include="..\..\pthread.c" />
    <ClCompile Include="..\..\pthread_attr_destroy.c" />
    <ClCompile Include="..\..\pthread_attr_getdetachstate.c" />
    <ClCompile Include="..\..\pthread_attr_getinheritsched.c" />
    <ClCompile Include="..\..\pthread_attr_getschedparam.c" />
    <ClCompile Include="..\..\pthread_attr_getschedpolicy.c" />
    <ClCompile Include="..\..\pthread_attr_getscope.c" />
    <ClCompile Include="..\..\pthread_attr_getstackaddr.c" />
    <ClCompile Include="..\..\pthread_attr_getstacksize.c" />
    <ClCompile Include="..\..\pthread_attr_init.c" />
    <ClCompile Include="..\..\pthread_attr_setdetachstate.c" />
    <ClCompile Include="..\..\pthread_attr_setinheritsched.c" />
    <ClCompile Include="..\..\pthread_attr_setschedparam.c" />
    <ClCompile Include="..\..\pthread_attr_setschedpolicy.c" />
    <ClCompile Include="..\..\pthread_attr_setscope.c" />
    <ClCompile Include="..\..\pthread_attr_setstackaddr.c" />
    <ClCompile Include="..\..\pthread_attr_setstacksize.c" />
    <ClCompile Include="..\..\pthread_barrier_destroy.c" />
    <ClCompile Include="..\..\pthread_barrier_init.c" />
    <ClCompile Include="..\..\pthread_barrier_wait.c" />
    <ClCompile Include="..\..\pthread_barrierattr_destroy.c" />
    <ClCompile Include="..\..\pthread_barrierattr_getpshared.c" />
    <ClCompile Include="..\..\pthread_barrierattr_init.c" />
    <ClCompile Include="..\..\pthread_barrierattr_setpshared.c" />
    <ClCompile Include="..\..\pthread_cancel.c" />
    <ClCompile Include="..\..\pthread_cond_destroy.c" />
    <ClCompile Include="..\..\pthread_cond_init.c" />
    <ClCompile Include="..\..\pthread_cond_signal.c" />
    <ClCompile Include="..\..\pthread_cond_wait.c" />
    <ClCompile Include="..\..\pthread_condattr_destroy.c" />
    <ClCompile Include="..\..\pthread_condattr_getpshared.c" />
    <ClCompile Include="..\..\pthread_condattr_init.c" />
    <ClCompile Include="..\..\pthread_condattr_setpshared.c" />
    <ClCompile Include="..\..\pthread_delay_np.c" />
    <ClCompile Include="..\..\pthread_detach.c" />
    <ClCompile Include="..\..\pthread_equal.c" />
    <ClCompile Include="..\..\pthread_exit.c" />
    <ClCompile Include="..\..\pthread_getconcurrency.c" />
    <ClCompile Include="..\..\pthread_getschedparam.c" />
    <ClCompile Include="..\..\pthread_getspecific.c" />
    <ClCompile Include="..\..\pthread_getunique_np.c" />
    <ClCompile Include="..\..\pthread_getw32threadhandle_np.c" />
    <ClCompile Include="..\..\pthread_join.c" />
    <ClCompile Include="..\..\pthread_key_create.c" />
    <ClCompile Include="..\..\pthread_key_delete.c" />
    <ClCompile Include="..\..\pthread_kill.c" />
    <ClCompile Include="..\..\pthread_mutex_consistent.c" />
    <ClCompile Include="..\..\pthread_mutex_destroy.c" />
    <ClCompile Include="..\..\pthread_mutex_init.c" />
    <ClCompile Include="..\..\pthread_mutex_lock.c" />
    <ClCompile Include="..\..\pthread_mutex_timedlock.c" />
    <ClCompile Include="..\..\pthread_mutex_trylock.c" />
    <ClCompile Include="..\..\pthread_mutex_unlock.c" />
    <ClCompile Include="..\..\pthread_mutexattr_destroy.c" />
    <ClCompile Include="..\..\pthread_mutexattr_getkind_np.c" />
    <ClCompile Include="..\..\pthread_mutexattr_getpshared.c" />
    <ClCompile Include="..\..\pthread_mutexattr_getrobust.c" />
    <ClCompile Include="..\..\pthread_mutexattr_gettype.c" />
    <ClCompile Include="..\..\pthread_mutexattr_init.c" />
    <ClCompile Include="..\..\pthread_mutexattr_setkind_np.c" />
    <ClCompile Include="..\..\pthread_mutexattr_setpshared.c" />
    <ClCompile Include="..\..\pthread_mutexattr_setrobust.c" />
    <ClCompile Include="..\..\pthread_mutexattr_settype.c" />
    <ClCompile Include="..\..\pthread_num_processors_np.c" />
    <ClCompile Include="..\..\pthread_once.c" />
    <ClCompile Include="..\..\pthread_rwlock_destroy.c" />
    <ClCompile Include="..\..\pthread_rwlock_init.c" />
    <ClCompile Include="..\..\pthread_rwlock_rdlock.c" />
    <ClCompile Include="..\..\pthread_rwlock_timedrdlock.c" />
    <ClCompile Include="..\..\pthread_rwlock_timedwrlock.c" />
    <ClCompile Include="..\..\pthread_rwlock_tryrdlock.c" />
    <ClCompile Include="..\..\pthread_rwlock_trywrlock.c" />
    <ClCompile Include="..\..\pthread_rwlock_unlock.c" />
    <ClCompile Include="..\..\pthread_rwlock_wrlock.c" />
    <ClCompile Include="..\..\pthread_rwlockattr_destroy.c" />
    <ClCompile Include="..\..\pthread_rwlockattr_getpshared.c" />
    <ClCompile Include="..\..\pthread_rwlockattr_init.c" />
    <ClCompile Include="..\..\pthread_rwlockattr_setpshared.c" />
    <ClCompile Include="..\..\pthread_self.c" />
    <ClCompile Include="..\..\pthread_setaffinity.c" />
    <ClCompile Include="..\..\pthread_setcancelstate.c" />
    <ClCompile Include="..\..\pthread_setcanceltype.c" />
    <ClCompile Include="..\..\pthread_setconcurrency.c" />
    <ClCompile Include="..\..\pthread_setschedparam.c" />
    <ClCompile Include="..\..\pthread_setspecific.c" />
    <ClCompile Include="..\..\pthread_spin_destroy.c" />
    <ClCompile Include="..\..\pthread_spin_init.c" />
    <ClCompile Include="..\..\pthread_spin_lock.c" />
    <ClCompile Include="..\..\pthread_spin_trylock.c" />
    <ClCompile Include="..\..\pthread_spin_unlock.c" />
    <ClCompile Include="..\..\pthread_testcancel.c" />
    <ClCompile Include="..\..\pthread_timechange_handler_np.c" />
    <ClCompile Include="..\..\pthread_timedjoin_np.c" />
    <ClCompile Include="..\..\pthread_tryjoin_np.c" />
    <ClCompile Include="..\..\pthread_win32_attach_detach_np.c" />
    <ClCompile Include="..\..\ptw32_calloc.c" />
    <ClCompile Include="..\..\ptw32_callUserDestroyRoutines.c" />
    <ClCompile Include="..\..\ptw32_cond_check_need_init.c" />
    <ClCompile Include="..\..\ptw32_getprocessors.c" />
    <ClCompile Include="..\..\ptw32_is_attr.c" />
    <ClCompile Include="..\..\ptw32_MCS_lock.c" />
    <ClCompile Include="..\..\ptw32_mutex_check_need_init.c" />
    <ClCompile Include="..\..\ptw32_new.c" />
    <ClCompile Include="..\..\ptw32_processInitialize.c" />
    <ClCompile Include="..\..\ptw32_processTerminate.c" />
    <ClCompile Include="..\..\ptw32_relmillisecs.c" />
    <ClCompile Include="..\..\ptw32_reuse.c" />
    <ClCompile Include="..\..\ptw32_rwlock_cancelwrwait.c" />
    <ClCompile Include="..\..\ptw32_rwlock_check_need_init.c" />
    <ClCompile Include="..\..\ptw32_semwait.c" />
    <ClCompile Include="..\..\ptw32_spinlock_check_need_init.c" />
    <ClCompile Include="..\..\ptw32_threadDestroy.c" />
    <ClCompile Include="..\..\ptw32_threadStart.c" />
    <ClCompile Include="..\..\ptw32_throw.c" />
    <ClCompile Include="..\..\ptw32_timespec.c" />
    <ClCompile Include="..\..\ptw32_tkAssocCreate.c" />
    <ClCompile Include="..\..\ptw32_tkAssocDestroy.c" />
    <ClCompile Include="..\..\sched_get_priority_max.c" />
    <ClCompile Include="..\..\sched_get_priority_min.c" />
    <ClCompile Include="..\..\sched_getscheduler.c" />
    <ClCompile Include="..\..\sched_setaffinity.c" />
    <ClCompile Include="..\..\sched_setscheduler.c" />
    <ClCompile Include="..\..\sched_yield.c" />
    <ClCompile Include="..\..\sem_close.c" />
    <ClCompile Include="..\..\sem_destroy.c" />
    <ClCompile Include="..\..\sem_getvalue.c" />
    <ClCompile Include="..\..\sem_init.c" />
    <ClCompile Include="..\..\sem_open.c" />
    <ClCompile Include="..\..\sem_post.c" />
    <ClCompile Include="..\..\sem_post_multiple.c" />
    <ClCompile Include="..\..\sem_timedwait.c" />
    <ClCompile Include="..\..\sem_trywait.c" />
    <ClCompile Include="..\..\sem_unlink.c" />
    <ClCompile Include="..\..\sem_wait.c" />
    <ClCompile Include="..\..\signal.c" />
    <ClCompile Include="..\..\w32_CancelableWait.c" />
  </ItemGroup>
  <ItemGroup>
    <ClInclude Include="..\..\config.h" />
    <ClInclude Include="..\..\context.h" />
    <ClInclude Include="..\..\implement.h" />
    <ClInclude Include="..\..\need_errno.h" />
    <ClInclude Include="..\..\pthread.h" />
    <ClInclude Include="..\..\sched.h" />
    <ClInclude Include="..\..\semaphore.h" />
    <ClInclude Include="resource.h" />
  </ItemGroup>
  <ItemGroup>
    <None Include="..\..\manual\cpu_set.html">
      <Filter>Documentation</Filter>
    </None>
    <None Include="..\..\manual\index.html">
      <Filter>Documentation</Filter>
    </None>
    <None Include="..\..\manual\PortabilityIssues.html">
      <Filter>Documentation</Filter>
    </None>
    <None Include="..\..\manual\pthread_attr_init.html">
      <Filter>Documentation</Filter>
    </None>
    <None Include="..\..\manual\pthread_attr_setstackaddr.html">
      <Filter>Documentation</Filter>
    </None>
    <None Include="..\..\manual\pthread_attr_setstacksize.html">
      <Filter>Documentation</Filter>
    </None>
    <None Include="..\..\manual\pthread_barrier_init.html">
      <Filter>Documentation</Filter>
    </None>
    <None Include="..\..\manual\pthread_barrier_wait.html">
      <Filter>Documentation</Filter>
    </None>
    <None Include="..\..\manual\pthread_barrierattr_init.html">
      <Filter>Documentation</Filter>
    </None>
    <None Include="..\..\manual\pthread_barrierattr_setpshared.html">
      <Filter>Documentation</Filter>
    </None>
    <None Include="..\..\manual\pthread_cancel.html">
      <Filter>Documentation</Filter>
    </None>
    <None Include="..\..\manual\pthread_cleanup_push.html">
      <Filter>Documentation</Filter>
    </None>
    <None Include="..\..\manual\pthread_cond_init.html">
      <Filter>Documentation</Filter>
    </None>
    <None Include="..\..\manual\pthread_condattr_init.html">
      <Filter>Documentation</Filter>
    </None>
    <None Include="..\..\manual\pthread_condattr_setpshared.html">
      <Filter>Documentation</Filter>
    </None>
    <None Include="..\..\manual\pthread_create.html">
      <Filter>Documentation</Filter>
    </None>
    <None Include="..\..\manual\pthread_delay_np.html">
      <Filter>Documentation</Filter>
    </None>
    <None Include="..\..\manual\pthread_detach.html">
      <Filter>Documentation</Filter>
    </None>
    <None Include="..\..\manual\pthread_equal.html">
      <Filter>Documentation</Filter>
    </None>
    <None Include="..\..\manual\pthread_exit.html">
      <Filter>Documentation</Filter>
    </None>
    <None Include="..\..\manual\pthread_getunique_np.html">
      <Filter>Documentation</Filter>
    </None>
    <None Include="..\..\manual\pthread_getw32threadhandle_np.html">
      <Filter>Documentation</Filter>
    </None>
    <None Include="..\..\manual\pthread_join.html">
      <Filter>Documentation</Filter>
    </None>
    <None Include="..\..\manual\pthread_key_create.html">
      <Filter>Documentation</Filter>
    </None>
    <None Include="..\..\manual\pthread_kill.html">
      <Filter>Documentation</Filter>
    </None>
    <None Include="..\..\manual\pthread_mutex_init.html">
      <Filter>Documentation</Filter>
    </None>
    <None Include="..\..\manual\pthread_mutexattr_init.html">
      <Filter>Documentation</Filter>
    </None>
    <None Include="..\..\manual\pthread_mutexattr_setpshared.html">
      <Filter>Documentation</Filter>
    </None>
    <None Include="..\..\manual\pthread_num_processors_np.html">
      <Filter>Documentation</Filter>
    </None>
    <None Include="..\..\manual\pthread_once.html">
      <Filter>Documentation</Filter>
    </None>
    <None Include="..\..\manual\pthread_rwlock_init.html">
      <Filter>Documentation</Filter>
    </None>
    <None Include="..\..\manual\pthread_rwlock_rdlock.html">
      <Filter>Documentation</Filter>
    </None>
    <None Include="..\..\manual\pthread_rwlock_timedrdlock.html">
      <Filter>Documentation</Filter>
    </None>
    <None Include="..\..\manual\pthread_rwlock_timedwrlock.html">
      <Filter>Documentation</Filter>
    </None>
    <None Include="..\..\manual\pthread_rwlock_unlock.html">
      <Filter>Documentation</Filter>
    </None>
    <None Include="..\..\manual\pthread_rwlock_wrlock.html">
      <Filter>Documentation</Filter>
    </None>
    <None Include="..\..\manual\pthread_rwlockattr_init.html">
      <Filter>Documentation</Filter>
    </None>
    <None Include="..\..\manual\pthread_rwlockattr_setpshared.html">
      <Filter>Documentation</Filter>
    </None>
    <None Include="..\..\manual\pthread_self.html">
      <Filter>Documentation</Filter>
    </None>
    <None Include="..\..\manual\pthread_setcancelstate.html">
      <Filter>Documentation</Filter>
    </None>
    <None Include="..\..\manual\pthread_setcanceltype.html">
      <Filter>Documentation</Filter>
    </None>
    <None Include="..\..\manual\pthread_setconcurrency.html">
      <Filter>Documentation</Filter>
    </None>
    <None Include="..\..\manual\pthread_setschedparam.html">
      <Filter>Documentation</Filter>
    </None>
    <None Include="..\..\manual\pthread_spin_init.html">
      <Filter>Documentation</Filter>
    </None>
    <None Include="..\..\manual\pthread_spin_lock.html">
      <Filter>Documentation</Filter>
    </None>
    <None Include="..\..\manual\pthread_spin_unlock.html">
      <Filter>Documentation</Filter>
    </None>
    <None Include="..\..\manual\pthread_timechange_handler_np.html">
      <Filter>Documentation</Filter>
    </None>
    <None Include="..\..\manual\pthread_win32_attach_detach_np.html">
      <Filter>Documentation</Filter>
    </None>
    <None Include="..\..\manual\pthread_win32_test_features_np.html">
      <Filter>Documentation</Filter>
    </None>
    <None Include="..\..\manual\pthreadCancelableWait.html">
      <Filter>Documentation</Filter>
    </None>
    <None Include="..\..\manual\sched_get_priority_max.html">
      <Filter>Documentation</Filter>
    </None>
    <None Include="..\..\manual\sched_getscheduler.html">
      <Filter>Documentation</Filter>
    </None>
    <None Include="..\..\manual\sched_setaffinity.html">
      <Filter>Documentation</Filter>
    </None>
    <None Include="..\..\manual\sched_setscheduler.html">
      <Filter>Documentation</Filter>
    </None>
    <None Include="..\..\manual\sched_yield.html">
      <Filter>Documentation</Filter>
    </None>
    <None Include="..\..\manual\sem_init.html">
      <Filter>Documentation</Filter>
    </None>
  </ItemGroup>
  <ItemGroup>
    <ResourceCompile Include="pthread_dll.rc">
      <Filter>Resource Files</Filter>
    </ResourceCompile>
  </ItemGroup>
</Project>